
Microsoft Visual Studio Solution File, Format Version 12.00
# Visual Studio Version 16
VisualStudioVersion = 16.0.29613.14
MinimumVisualStudioVersion = 10.0.40219.1
Project("{FAE04EC0-301F-11D3-BF4B-00C04F79EFBC}") = "Decos.Http.WebHooks", "src\Decos.Http.WebHooks\Decos.Http.WebHooks.csproj", "{EC66D204-B38A-415E-9532-B49013894111}"
EndProject
Global
	GlobalSection(SolutionConfigurationPlatforms) = preSolution
		Debug|Any CPU = Debug|Any CPU
		Release|Any CPU = Release|Any CPU
	EndGlobalSection
	GlobalSection(ProjectConfigurationPlatforms) = postSolution
		{EC66D204-B38A-415E-9532-B49013894111}.Debug|Any CPU.ActiveCfg = Debug|Any CPU
		{EC66D204-B38A-415E-9532-B49013894111}.Debug|Any CPU.Build.0 = Debug|Any CPU
		{EC66D204-B38A-415E-9532-B49013894111}.Release|Any CPU.ActiveCfg = Release|Any CPU
		{EC66D204-B38A-415E-9532-B49013894111}.Release|Any CPU.Build.0 = Release|Any CPU
	EndGlobalSection
	GlobalSection(SolutionProperties) = preSolution
		HideSolutionNode = FALSE
	EndGlobalSection
	GlobalSection(ExtensibilityGlobals) = postSolution
		SolutionGuid = {5FD6E3CE-A0DB-45E5-8817-FADAED1EC7CF}
	EndGlobalSection
EndGlobal
